
Microsoft Visual Studio Solution File, Format Version 12.00
# Visual Studio 15
VisualStudioVersion = 15.0.28307.1169
MinimumVisualStudioVersion = 10.0.40219.1
Project("{8BC9CEB8-8B4A-11D0-8D11-00A0C91BC942}") = "day0716", "day0716\day0716.vcxproj", "{16F79360-42E4-4DCF-9471-3CB56ED870A6}"
EndProject
Global
	GlobalSection(SolutionConfigurationPlatforms) = preSolution
		Debug|x64 = Debug|x64
		Debug|x86 = Debug|x86
		Release|x64 = Release|x64
		Release|x86 = Release|x86
	EndGlobalSection
	GlobalSection(ProjectConfigurationPlatforms) = postSolution
		{16F79360-42E4-4DCF-9471-3CB56ED870A6}.Debug|x64.ActiveCfg = Debug|x64
		{16F79360-42E4-4DCF-9471-3CB56ED870A6}.Debug|x64.Build.0 = Debug|x64
		{16F79360-42E4-4DCF-9471-3CB56ED870A6}.Debug|x86.ActiveCfg = Debug|Win32
		{16F79360-42E4-4DCF-9471-3CB56ED870A6}.Debug|x86.Build.0 = Debug|Win32
		{16F79360-42E4-4DCF-9471-3CB56ED870A6}.Release|x64.ActiveCfg = Release|x64
		{16F79360-42E4-4DCF-9471-3CB56ED870A6}.Release|x64.Build.0 = Release|x64
		{16F79360-42E4-4DCF-9471-3CB56ED870A6}.Release|x86.ActiveCfg = Release|Win32
		{16F79360-42E4-4DCF-9471-3CB56ED870A6}.Release|x86.Build.0 = Release|Win32
	EndGlobalSection
	GlobalSection(SolutionProperties) = preSolution
		HideSolutionNode = FALSE
	EndGlobalSection
	GlobalSection(ExtensibilityGlobals) = postSolution
		SolutionGuid = {DC2FCE95-E523-45EF-971A-8E6C9DFE97B9}
	EndGlobalSection
EndGlobal
