
Microsoft Visual Studio Solution File, Format Version 12.00
# Visual Studio 15
VisualStudioVersion = 15.0.28307.1169
MinimumVisualStudioVersion = 10.0.40219.1
Project("{8BC9CEB8-8B4A-11D0-8D11-00A0C91BC942}") = "day0715", "day0715\day0715.vcxproj", "{6B879260-79ED-4C4F-9179-DC20EA87D506}"
EndProject
Global
	GlobalSection(SolutionConfigurationPlatforms) = preSolution
		Debug|x64 = Debug|x64
		Debug|x86 = Debug|x86
		Release|x64 = Release|x64
		Release|x86 = Release|x86
	EndGlobalSection
	GlobalSection(ProjectConfigurationPlatforms) = postSolution
		{6B879260-79ED-4C4F-9179-DC20EA87D506}.Debug|x64.ActiveCfg = Debug|x64
		{6B879260-79ED-4C4F-9179-DC20EA87D506}.Debug|x64.Build.0 = Debug|x64
		{6B879260-79ED-4C4F-9179-DC20EA87D506}.Debug|x86.ActiveCfg = Debug|Win32
		{6B879260-79ED-4C4F-9179-DC20EA87D506}.Debug|x86.Build.0 = Debug|Win32
		{6B879260-79ED-4C4F-9179-DC20EA87D506}.Release|x64.ActiveCfg = Release|x64
		{6B879260-79ED-4C4F-9179-DC20EA87D506}.Release|x64.Build.0 = Release|x64
		{6B879260-79ED-4C4F-9179-DC20EA87D506}.Release|x86.ActiveCfg = Release|Win32
		{6B879260-79ED-4C4F-9179-DC20EA87D506}.Release|x86.Build.0 = Release|Win32
	EndGlobalSection
	GlobalSection(SolutionProperties) = preSolution
		HideSolutionNode = FALSE
	EndGlobalSection
	GlobalSection(ExtensibilityGlobals) = postSolution
		SolutionGuid = {8DC45933-2D8A-4D4F-A541-A87CF1D354A5}
	EndGlobalSection
EndGlobal
